
Microsoft Visual Studio Solution File, Format Version 12.00
# Visual Studio 15
Project("{FAE04EC0-301F-11D3-BF4B-00C04F79EFBC}") = "Assembly-CSharp", "Assembly-CSharp.csproj", "{7A1CA0EB-92BB-2378-5686-0605561913BA}"
EndProject
Project("{FAE04EC0-301F-11D3-BF4B-00C04F79EFBC}") = "Assembly-CSharp-Editor", "Assembly-CSharp-Editor.csproj", "{77FE2E37-ED68-9ED4-6E53-9286B7681905}"
EndProject
Global
	GlobalSection(SolutionConfigurationPlatforms) = preSolution
		Debug|Any CPU = Debug|Any CPU
		Release|Any CPU = Release|Any CPU
	EndGlobalSection
	GlobalSection(ProjectConfigurationPlatforms) = postSolution
		{7A1CA0EB-92BB-2378-5686-0605561913BA}.Debug|Any CPU.ActiveCfg = Debug|Any CPU
		{7A1CA0EB-92BB-2378-5686-0605561913BA}.Debug|Any CPU.Build.0 = Debug|Any CPU
		{7A1CA0EB-92BB-2378-5686-0605561913BA}.Release|Any CPU.ActiveCfg = Release|Any CPU
		{7A1CA0EB-92BB-2378-5686-0605561913BA}.Release|Any CPU.Build.0 = Release|Any CPU
		{77FE2E37-ED68-9ED4-6E53-9286B7681905}.Debug|Any CPU.ActiveCfg = Debug|Any CPU
		{77FE2E37-ED68-9ED4-6E53-9286B7681905}.Debug|Any CPU.Build.0 = Debug|Any CPU
		{77FE2E37-ED68-9ED4-6E53-9286B7681905}.Release|Any CPU.ActiveCfg = Release|Any CPU
		{77FE2E37-ED68-9ED4-6E53-9286B7681905}.Release|Any CPU.Build.0 = Release|Any CPU
	EndGlobalSection
	GlobalSection(SolutionProperties) = preSolution
		HideSolutionNode = FALSE
	EndGlobalSection
EndGlobal
